// !$*UTF8*$!
{
	archiveVersion = 1;
	classes = {
	};
	objectVersion = 50;
	objects = {

/* Begin PBXBuildFile section */
		7E10447F25CF01A7009442CB /* AppDelegate.swift in Sources */ = {isa = PBXBuildFile; fileRef = 7E10447E25CF01A7009442CB /* AppDelegate.swift */; };
		7E10448125CF01A7009442CB /* SceneDelegate.swift in Sources */ = {isa = PBXBuildFile; fileRef = 7E10448025CF01A7009442CB /* SceneDelegate.swift */; };
		7E10448325CF01A7009442CB /* IntroductionViewController.swift in Sources */ = {isa = PBXBuildFile; fileRef = 7E10448225CF01A7009442CB /* IntroductionViewController.swift */; };
		7E10448625CF01A7009442CB /* Main.storyboard in Resources */ = {isa = PBXBuildFile; fileRef = 7E10448425CF01A7009442CB /* Main.storyboard */; };
		7E10448825CF01A9009442CB /* Assets.xcassets in Resources */ = {isa = PBXBuildFile; fileRef = 7E10448725CF01A9009442CB /* Assets.xcassets */; };
		7E10448B25CF01A9009442CB /* LaunchScreen.storyboard in Resources */ = {isa = PBXBuildFile; fileRef = 7E10448925CF01A9009442CB /* LaunchScreen.storyboard */; };
		7E1044A025CF1BAD009442CB /* Question.swift in Sources */ = {isa = PBXBuildFile; fileRef = 7E10449F25CF1BAD009442CB /* Question.swift */; };
		7E1044A325CF1CAE009442CB /* Answer.swift in Sources */ = {isa = PBXBuildFile; fileRef = 7E1044A225CF1CAE009442CB /* Answer.swift */; };
		7E1044CA25D1AFC0009442CB /* QuestionsViewController.swift in Sources */ = {isa = PBXBuildFile; fileRef = 7E1044C925D1AFC0009442CB /* QuestionsViewController.swift */; };
		7E2CCC1525D317090017845C /* ResultsViewController.swift in Sources */ = {isa = PBXBuildFile; fileRef = 7E2CCC1425D317090017845C /* ResultsViewController.swift */; };
/* End PBXBuildFile section */

/* Begin PBXFileReference section */
		7E10447B25CF01A7009442CB /* PersonalQuis.app */ = {isa = PBXFileReference; explicitFileType = wrapper.application; includeInIndex = 0; path = PersonalQuis.app; sourceTree = BUILT_PRODUCTS_DIR; };
		7E10447E25CF01A7009442CB /* AppDelegate.swift */ = {isa = PBXFileReference; lastKnownFileType = sourcecode.swift; path = AppDelegate.swift; sourceTree = "<group>"; };
		7E10448025CF01A7009442CB /* SceneDelegate.swift */ = {isa = PBXFileReference; lastKnownFileType = sourcecode.swift; path = SceneDelegate.swift; sourceTree = "<group>"; };
		7E10448225CF01A7009442CB /* IntroductionViewController.swift */ = {isa = PBXFileReference; lastKnownFileType = sourcecode.swift; path = IntroductionViewController.swift; sourceTree = "<group>"; };
		7E10448525CF01A7009442CB /* Base */ = {isa = PBXFileReference; lastKnownFileType = file.storyboard; name = Base; path = Base.lproj/Main.storyboard; sourceTree = "<group>"; };
		7E10448725CF01A9009442CB /* Assets.xcassets */ = {isa = PBXFileReference; lastKnownFileType = folder.assetcatalog; path = Assets.xcassets; sourceTree = "<group>"; };
		7E10448A25CF01A9009442CB /* Base */ = {isa = PBXFileReference; lastKnownFileType = file.storyboard; name = Base; path = Base.lproj/LaunchScreen.storyboard; sourceTree = "<group>"; };
		7E10448C25CF01A9009442CB /* Info.plist */ = {isa = PBXFileReference; lastKnownFileType = text.plist.xml; path = Info.plist; sourceTree = "<group>"; };
		7E10449F25CF1BAD009442CB /* Question.swift */ = {isa = PBXFileReference; lastKnownFileType = sourcecode.swift; path = Question.swift; sourceTree = "<group>"; };
		7E1044A225CF1CAE009442CB /* Answer.swift */ = {isa = PBXFileReference; lastKnownFileType = sourcecode.swift; path = Answer.swift; sourceTree = "<group>"; };
		7E1044C925D1AFC0009442CB /* QuestionsViewController.swift */ = {isa = PBXFileReference; lastKnownFileType = sourcecode.swift; path = QuestionsViewController.swift; sourceTree = "<group>"; };
		7E2CCC1425D317090017845C /* ResultsViewController.swift */ = {isa = PBXFileReference; lastKnownFileType = sourcecode.swift; path = ResultsViewController.swift; sourceTree = "<group>"; };
/* End PBXFileReference section */

/* Begin PBXFrameworksBuildPhase section */
		7E10447825CF01A7009442CB /* Frameworks */ = {
			isa = PBXFrameworksBuildPhase;
			buildActionMask = 2147483647;
			files = (
			);
			runOnlyForDeploymentPostprocessing = 0;
		};
/* End PBXFrameworksBuildPhase section */

/* Begin PBXGroup section */
		7E10447225CF01A7009442CB = {
			isa = PBXGroup;
			children = (
				7E10447D25CF01A7009442CB /* PersonalQuis */,
				7E10447C25CF01A7009442CB /* Products */,
			);
			sourceTree = "<group>";
		};
		7E10447C25CF01A7009442CB /* Products */ = {
			isa = PBXGroup;
			children = (
				7E10447B25CF01A7009442CB /* PersonalQuis.app */,
			);
			name = Products;
			sourceTree = "<group>";
		};
		7E10447D25CF01A7009442CB /* PersonalQuis */ = {
			isa = PBXGroup;
			children = (
				7E10449525CF02FB009442CB /* ViewControllers */,
				7E10449D25CF046E009442CB /* Models */,
				7E10449425CF02ED009442CB /* Storyboards */,
				7E10449925CF0365009442CB /* Resources */,
				7E10449725CF033B009442CB /* SupportingFiles */,
			);
			path = PersonalQuis;
			sourceTree = "<group>";
		};
		7E10449425CF02ED009442CB /* Storyboards */ = {
			isa = PBXGroup;
			children = (
				7E10448425CF01A7009442CB /* Main.storyboard */,
				7E10448925CF01A9009442CB /* LaunchScreen.storyboard */,
			);
			path = Storyboards;
			sourceTree = "<group>";
		};
		7E10449525CF02FB009442CB /* ViewControllers */ = {
			isa = PBXGroup;
			children = (
				7E10448225CF01A7009442CB /* IntroductionViewController.swift */,
				7E1044C925D1AFC0009442CB /* QuestionsViewController.swift */,
				7E2CCC1425D317090017845C /* ResultsViewController.swift */,
			);
			path = ViewControllers;
			sourceTree = "<group>";
		};
		7E10449725CF033B009442CB /* SupportingFiles */ = {
			isa = PBXGroup;
			children = (
				7E10448025CF01A7009442CB /* SceneDelegate.swift */,
				7E10447E25CF01A7009442CB /* AppDelegate.swift */,
				7E10448C25CF01A9009442CB /* Info.plist */,
			);
			path = SupportingFiles;
			sourceTree = "<group>";
		};
		7E10449925CF0365009442CB /* Resources */ = {
			isa = PBXGroup;
			children = (
				7E10448725CF01A9009442CB /* Assets.xcassets */,
			);
			path = Resources;
			sourceTree = "<group>";
		};
		7E10449D25CF046E009442CB /* Models */ = {
			isa = PBXGroup;
			children = (
				7E10449F25CF1BAD009442CB /* Question.swift */,
				7E1044A225CF1CAE009442CB /* Answer.swift */,
			);
			path = Models;
			sourceTree = "<group>";
		};
/* End PBXGroup section */

/* Begin PBXNativeTarget section */
		7E10447A25CF01A7009442CB /* PersonalQuis */ = {
			isa = PBXNativeTarget;
			buildConfigurationList = 7E10448F25CF01A9009442CB /* Build configuration list for PBXNativeTarget "PersonalQuis" */;
			buildPhases = (
				7E10447725CF01A7009442CB /* Sources */,
				7E10447825CF01A7009442CB /* Frameworks */,
				7E10447925CF01A7009442CB /* Resources */,
			);
			buildRules = (
			);
			dependencies = (
			);
			name = PersonalQuis;
			productName = PersonalQuis;
			productReference = 7E10447B25CF01A7009442CB /* PersonalQuis.app */;
			productType = "com.apple.product-type.application";
		};
/* End PBXNativeTarget section */

/* Begin PBXProject section */
		7E10447325CF01A7009442CB /* Project object */ = {
			isa = PBXProject;
			attributes = {
				LastSwiftUpdateCheck = 1240;
				LastUpgradeCheck = 1240;
				TargetAttributes = {
					7E10447A25CF01A7009442CB = {
						CreatedOnToolsVersion = 12.4;
					};
				};
			};
			buildConfigurationList = 7E10447625CF01A7009442CB /* Build configuration list for PBXProject "PersonalQuis" */;
			compatibilityVersion = "Xcode 9.3";
			developmentRegion = en;
			hasScannedForEncodings = 0;
			knownRegions = (
				en,
				Base,
			);
			mainGroup = 7E10447225CF01A7009442CB;
			productRefGroup = 7E10447C25CF01A7009442CB /* Products */;
			projectDirPath = "";
			projectRoot = "";
			targets = (
				7E10447A25CF01A7009442CB /* PersonalQuis */,
			);
		};
/* End PBXProject section */

/* Begin PBXResourcesBuildPhase section */
		7E10447925CF01A7009442CB /* Resources */ = {
			isa = PBXResourcesBuildPhase;
			buildActionMask = 2147483647;
			files = (
				7E10448B25CF01A9009442CB /* LaunchScreen.storyboard in Resources */,
				7E10448825CF01A9009442CB /* Assets.xcassets in Resources */,
				7E10448625CF01A7009442CB /* Main.storyboard in Resources */,
			);
			runOnlyForDeploymentPostprocessing = 0;
		};
/* End PBXResourcesBuildPhase section */

/* Begin PBXSourcesBuildPhase section */
		7E10447725CF01A7009442CB /* Sources */ = {
			isa = PBXSourcesBuildPhase;
			buildActionMask = 2147483647;
			files = (
				7E10448325CF01A7009442CB /* IntroductionViewController.swift in Sources */,
				7E1044A025CF1BAD009442CB /* Question.swift in Sources */,
				7E1044CA25D1AFC0009442CB /* QuestionsViewController.swift in Sources */,
				7E2CCC1525D317090017845C /* ResultsViewController.swift in Sources */,
				7E1044A325CF1CAE009442CB /* Answer.swift in Sources */,
				7E10447F25CF01A7009442CB /* AppDelegate.swift in Sources */,
				7E10448125CF01A7009442CB /* SceneDelegate.swift in Sources */,
			);
			runOnlyForDeploymentPostprocessing = 0;
		};
/* End PBXSourcesBuildPhase section */

/* Begin PBXVariantGroup section */
		7E10448425CF01A7009442CB /* Main.storyboard */ = {
			isa = PBXVariantGroup;
			children = (
				7E10448525CF01A7009442CB /* Base */,
			);
			name = Main.storyboard;
			sourceTree = "<group>";
		};
		7E10448925CF01A9009442CB /* LaunchScreen.storyboard */ = {
			isa = PBXVariantGroup;
			children = (
				7E10448A25CF01A9009442CB /* Base */,
			);
			name = LaunchScreen.storyboard;
			sourceTree = "<group>";
		};
/* End PBXVariantGroup section */

/* Begin XCBuildConfiguration section */
		7E10448D25CF01A9009442CB /* Debug */ = {
			isa = XCBuildConfiguration;
			buildSettings = {
				ALWAYS_SEARCH_USER_PATHS = NO;
				CLANG_ANALYZER_NONNULL = YES;
				CLANG_ANALYZER_NUMBER_OBJECT_CONVERSION = YES_AGGRESSIVE;
				CLANG_CXX_LANGUAGE_STANDARD = "gnu++14";
				CLANG_CXX_LIBRARY = "libc++";
				CLANG_ENABLE_MODULES = YES;
				CLANG_ENABLE_OBJC_ARC = YES;
				CLANG_ENABLE_OBJC_WEAK = YES;
				CLANG_WARN_BLOCK_CAPTURE_AUTORELEASING = YES;
				CLANG_WARN_BOOL_CONVERSION = YES;
				CLANG_WARN_COMMA = YES;
				CLANG_WARN_CONSTANT_CONVERSION = YES;
				CLANG_WARN_DEPRECATED_OBJC_IMPLEMENTATIONS = YES;
				CLANG_WARN_DIRECT_OBJC_ISA_USAGE = YES_ERROR;
				CLANG_WARN_DOCUMENTATION_COMMENTS = YES;
				CLANG_WARN_EMPTY_BODY = YES;
				CLANG_WARN_ENUM_CONVERSION = YES;
				CLANG_WARN_INFINITE_RECURSION = YES;
				CLANG_WARN_INT_CONVERSION = YES;
				CLANG_WARN_NON_LITERAL_NULL_CONVERSION = YES;
				CLANG_WARN_OBJC_IMPLICIT_RETAIN_SELF = YES;
				CLANG_WARN_OBJC_LITERAL_CONVERSION = YES;
				CLANG_WARN_OBJC_ROOT_CLASS = YES_ERROR;
				CLANG_WARN_QUOTED_INCLUDE_IN_FRAMEWORK_HEADER = YES;
				CLANG_WARN_RANGE_LOOP_ANALYSIS = YES;
				CLANG_WARN_STRICT_PROTOTYPES = YES;
				CLANG_WARN_SUSPICIOUS_MOVE = YES;
				CLANG_WARN_UNGUARDED_AVAILABILITY = YES_AGGRESSIVE;
				CLANG_WARN_UNREACHABLE_CODE = YES;
				CLANG_WARN__DUPLICATE_METHOD_MATCH = YES;
				COPY_PHASE_STRIP = NO;
				DEBUG_INFORMATION_FORMAT = dwarf;
				ENABLE_STRICT_OBJC_MSGSEND = YES;
				ENABLE_TESTABILITY = YES;
				GCC_C_LANGUAGE_STANDARD = gnu11;
				GCC_DYNAMIC_NO_PIC = NO;
				GCC_NO_COMMON_BLOCKS = YES;
				GCC_OPTIMIZATION_LEVEL = 0;
				GCC_PREPROCESSOR_DEFINITIONS = (
					"DEBUG=1",
					"$(inherited)",
				);
				GCC_WARN_64_TO_32_BIT_CONVERSION = YES;
				GCC_WARN_ABOUT_RETURN_TYPE = YES_ERROR;
				GCC_WARN_UNDECLARED_SELECTOR = YES;
				GCC_WARN_UNINITIALIZED_AUTOS = YES_AGGRESSIVE;
				GCC_WARN_UNUSED_FUNCTION = YES;
				GCC_WARN_UNUSED_VARIABLE = YES;
				IPHONEOS_DEPLOYMENT_TARGET = 14.4;
				MTL_ENABLE_DEBUG_INFO = INCLUDE_SOURCE;
				MTL_FAST_MATH = YES;
				ONLY_ACTIVE_ARCH = YES;
				SDKROOT = iphoneos;
				SWIFT_ACTIVE_COMPILATION_CONDITIONS = DEBUG;
				SWIFT_OPTIMIZATION_LEVEL = "-Onone";
			};
			name = Debug;
		};
		7E10448E25CF01A9009442CB /* Release */ = {
			isa = XCBuildConfiguration;
			buildSettings = {
				ALWAYS_SEARCH_USER_PATHS = NO;
				CLANG_ANALYZER_NONNULL = YES;
				CLANG_ANALYZER_NUMBER_OBJECT_CONVERSION = YES_AGGRESSIVE;
				CLANG_CXX_LANGUAGE_STANDARD = "gnu++14";
				CLANG_CXX_LIBRARY = "libc++";
				CLANG_ENABLE_MODULES = YES;
				CLANG_ENABLE_OBJC_ARC = YES;
				CLANG_ENABLE_OBJC_WEAK = YES;
				CLANG_WARN_BLOCK_CAPTURE_AUTORELEASING = YES;
				CLANG_WARN_BOOL_CONVERSION = YES;
				CLANG_WARN_COMMA = YES;
				CLANG_WARN_CONSTANT_CONVERSION = YES;
				CLANG_WARN_DEPRECATED_OBJC_IMPLEMENTATIONS = YES;
				CLANG_WARN_DIRECT_OBJC_ISA_USAGE = YES_ERROR;
				CLANG_WARN_DOCUMENTATION_COMMENTS = YES;
				CLANG_WARN_EMPTY_BODY = YES;
				CLANG_WARN_ENUM_CONVERSION = YES;
				CLANG_WARN_INFINITE_RECURSION = YES;
				CLANG_WARN_INT_CONVERSION = YES;
				CLANG_WARN_NON_LITERAL_NULL_CONVERSION = YES;
				CLANG_WARN_OBJC_IMPLICIT_RETAIN_SELF = YES;
				CLANG_WARN_OBJC_LITERAL_CONVERSION = YES;
				CLANG_WARN_OBJC_ROOT_CLASS = YES_ERROR;
				CLANG_WARN_QUOTED_INCLUDE_IN_FRAMEWORK_HEADER = YES;
				CLANG_WARN_RANGE_LOOP_ANALYSIS = YES;
				CLANG_WARN_STRICT_PROTOTYPES = YES;
				CLANG_WARN_SUSPICIOUS_MOVE = YES;
				CLANG_WARN_UNGUARDED_AVAILABILITY = YES_AGGRESSIVE;
				CLANG_WARN_UNREACHABLE_CODE = YES;
				CLANG_WARN__DUPLICATE_METHOD_MATCH = YES;
				COPY_PHASE_STRIP = NO;
				DEBUG_INFORMATION_FORMAT = "dwarf-with-dsym";
				ENABLE_NS_ASSERTIONS = NO;
				ENABLE_STRICT_OBJC_MSGSEND = YES;
				GCC_C_LANGUAGE_STANDARD = gnu11;
				GCC_NO_COMMON_BLOCKS = YES;
				GCC_WARN_64_TO_32_BIT_CONVERSION = YES;
				GCC_WARN_ABOUT_RETURN_TYPE = YES_ERROR;
				GCC_WARN_UNDECLARED_SELECTOR = YES;
				GCC_WARN_UNINITIALIZED_AUTOS = YES_AGGRESSIVE;
				GCC_WARN_UNUSED_FUNCTION = YES;
				GCC_WARN_UNUSED_VARIABLE = YES;
				IPHONEOS_DEPLOYMENT_TARGET = 14.4;
				MTL_ENABLE_DEBUG_INFO = NO;
				MTL_FAST_MATH = YES;
				SDKROOT = iphoneos;
				SWIFT_COMPILATION_MODE = wholemodule;
				SWIFT_OPTIMIZATION_LEVEL = "-O";
				VALIDATE_PRODUCT = YES;
			};
			name = Release;
		};
		7E10449025CF01A9009442CB /* Debug */ = {
			isa = XCBuildConfiguration;
			buildSettings = {
				ASSETCATALOG_COMPILER_APPICON_NAME = AppIcon;
				ASSETCATALOG_COMPILER_GLOBAL_ACCENT_COLOR_NAME = AccentColor;
				CODE_SIGN_STYLE = Automatic;
				DEVELOPMENT_TEAM = 28QY9NT6W3;
				INFOPLIST_FILE = PersonalQuis/SupportingFiles/Info.plist;
				LD_RUNPATH_SEARCH_PATHS = (
					"$(inherited)",
					"@executable_path/Frameworks",
				);
				PRODUCT_BUNDLE_IDENTIFIER = com.DmitryPavlov.PersonalQuis;
				PRODUCT_NAME = "$(TARGET_NAME)";
				SWIFT_VERSION = 5.0;
				TARGETED_DEVICE_FAMILY = 1;
			};
			name = Debug;
		};
		7E10449125CF01A9009442CB /* Release */ = {
			isa = XCBuildConfiguration;
			buildSettings = {
				ASSETCATALOG_COMPILER_APPICON_NAME = AppIcon;
				ASSETCATALOG_COMPILER_GLOBAL_ACCENT_COLOR_NAME = AccentColor;
				CODE_SIGN_STYLE = Automatic;
				DEVELOPMENT_TEAM = 28QY9NT6W3;
				INFOPLIST_FILE = PersonalQuis/SupportingFiles/Info.plist;
				LD_RUNPATH_SEARCH_PATHS = (
					"$(inherited)",
					"@executable_path/Frameworks",
				);
				PRODUCT_BUNDLE_IDENTIFIER = com.DmitryPavlov.PersonalQuis;
				PRODUCT_NAME = "$(TARGET_NAME)";
				SWIFT_VERSION = 5.0;
				TARGETED_DEVICE_FAMILY = 1;
			};
			name = Release;
		};
/* End XCBuildConfiguration section */

/* Begin XCConfigurationList section */
		7E10447625CF01A7009442CB /* Build configuration list for PBXProject "PersonalQuis" */ = {
			isa = XCConfigurationList;
			buildConfigurations = (
				7E10448D25CF01A9009442CB /* Debug */,
				7E10448E25CF01A9009442CB /* Release */,
			);
			defaultConfigurationIsVisible = 0;
			defaultConfigurationName = Release;
		};
		7E10448F25CF01A9009442CB /* Build configuration list for PBXNativeTarget "PersonalQuis" */ = {
			isa = XCConfigurationList;
			buildConfigurations = (
				7E10449025CF01A9009442CB /* Debug */,
				7E10449125CF01A9009442CB /* Release */,
			);
			defaultConfigurationIsVisible = 0;
			defaultConfigurationName = Release;
		};
/* End XCConfigurationList section */
	};
	rootObject = 7E10447325CF01A7009442CB /* Project object */;
}
